// !$*UTF8*$!
{
	archiveVersion = 1;
	classes = {
	};
	objectVersion = 50;
	objects = {

/* Begin PBXBuildFile section */
		04992EE426306AAD00E77B4C /* AppDelegate.swift in Sources */ = {isa = PBXBuildFile; fileRef = 04992EE326306AAD00E77B4C /* AppDelegate.swift */; };
		04992EE626306AAD00E77B4C /* SceneDelegate.swift in Sources */ = {isa = PBXBuildFile; fileRef = 04992EE526306AAD00E77B4C /* SceneDelegate.swift */; };
		04992EE826306AAD00E77B4C /* CalculateViewController.swift in Sources */ = {isa = PBXBuildFile; fileRef = 04992EE726306AAD00E77B4C /* CalculateViewController.swift */; };
		04992EEB26306AAD00E77B4C /* Main.storyboard in Resources */ = {isa = PBXBuildFile; fileRef = 04992EE926306AAD00E77B4C /* Main.storyboard */; };
		04992EED26306AAE00E77B4C /* Assets.xcassets in Resources */ = {isa = PBXBuildFile; fileRef = 04992EEC26306AAE00E77B4C /* Assets.xcassets */; };
		04992EF026306AAE00E77B4C /* LaunchScreen.storyboard in Resources */ = {isa = PBXBuildFile; fileRef = 04992EEE26306AAE00E77B4C /* LaunchScreen.storyboard */; };
		04992F1D2631B16600E77B4C /* ResultsViewController.swift in Sources */ = {isa = PBXBuildFile; fileRef = 04992F1C2631B16600E77B4C /* ResultsViewController.swift */; };
		04992F212631BA4500E77B4C /* CalculatorBrain.swift in Sources */ = {isa = PBXBuildFile; fileRef = 04992F202631BA4500E77B4C /* CalculatorBrain.swift */; };
		04992F242631C1BF00E77B4C /* BMI.swift in Sources */ = {isa = PBXBuildFile; fileRef = 04992F232631C1BF00E77B4C /* BMI.swift */; };
/* End PBXBuildFile section */

/* Begin PBXFileReference section */
		04992EE026306AAD00E77B4C /* BMI Calculator.app */ = {isa = PBXFileReference; explicitFileType = wrapper.application; includeInIndex = 0; path = "BMI Calculator.app"; sourceTree = BUILT_PRODUCTS_DIR; };
		04992EE326306AAD00E77B4C /* AppDelegate.swift */ = {isa = PBXFileReference; lastKnownFileType = sourcecode.swift; path = AppDelegate.swift; sourceTree = "<group>"; };
		04992EE526306AAD00E77B4C /* SceneDelegate.swift */ = {isa = PBXFileReference; lastKnownFileType = sourcecode.swift; path = SceneDelegate.swift; sourceTree = "<group>"; };
		04992EE726306AAD00E77B4C /* CalculateViewController.swift */ = {isa = PBXFileReference; lastKnownFileType = sourcecode.swift; path = CalculateViewController.swift; sourceTree = "<group>"; };
		04992EEA26306AAD00E77B4C /* Base */ = {isa = PBXFileReference; lastKnownFileType = file.storyboard; name = Base; path = Base.lproj/Main.storyboard; sourceTree = "<group>"; };
		04992EEC26306AAE00E77B4C /* Assets.xcassets */ = {isa = PBXFileReference; lastKnownFileType = folder.assetcatalog; path = Assets.xcassets; sourceTree = "<group>"; };
		04992EEF26306AAE00E77B4C /* Base */ = {isa = PBXFileReference; lastKnownFileType = file.storyboard; name = Base; path = Base.lproj/LaunchScreen.storyboard; sourceTree = "<group>"; };
		04992EF126306AAE00E77B4C /* Info.plist */ = {isa = PBXFileReference; lastKnownFileType = text.plist.xml; path = Info.plist; sourceTree = "<group>"; };
		04992F1C2631B16600E77B4C /* ResultsViewController.swift */ = {isa = PBXFileReference; lastKnownFileType = sourcecode.swift; path = ResultsViewController.swift; sourceTree = "<group>"; };
		04992F202631BA4500E77B4C /* CalculatorBrain.swift */ = {isa = PBXFileReference; lastKnownFileType = sourcecode.swift; path = CalculatorBrain.swift; sourceTree = "<group>"; };
		04992F232631C1BF00E77B4C /* BMI.swift */ = {isa = PBXFileReference; lastKnownFileType = sourcecode.swift; path = BMI.swift; sourceTree = "<group>"; };
/* End PBXFileReference section */

/* Begin PBXFrameworksBuildPhase section */
		04992EDD26306AAD00E77B4C /* Frameworks */ = {
			isa = PBXFrameworksBuildPhase;
			buildActionMask = 2147483647;
			files = (
			);
			runOnlyForDeploymentPostprocessing = 0;
		};
/* End PBXFrameworksBuildPhase section */

/* Begin PBXGroup section */
		04992ED726306AAD00E77B4C = {
			isa = PBXGroup;
			children = (
				04992EE226306AAD00E77B4C /* BMI Calculator */,
				04992EE126306AAD00E77B4C /* Products */,
			);
			sourceTree = "<group>";
		};
		04992EE126306AAD00E77B4C /* Products */ = {
			isa = PBXGroup;
			children = (
				04992EE026306AAD00E77B4C /* BMI Calculator.app */,
			);
			name = Products;
			sourceTree = "<group>";
		};
		04992EE226306AAD00E77B4C /* BMI Calculator */ = {
			isa = PBXGroup;
			children = (
				04992EE326306AAD00E77B4C /* AppDelegate.swift */,
				04992EE526306AAD00E77B4C /* SceneDelegate.swift */,
				04992EF826306ABF00E77B4C /* Model */,
				04992EF926306ACC00E77B4C /* View */,
				04992EFA26306AD800E77B4C /* Controller */,
				04992EEC26306AAE00E77B4C /* Assets.xcassets */,
				04992EEE26306AAE00E77B4C /* LaunchScreen.storyboard */,
				04992EF126306AAE00E77B4C /* Info.plist */,
			);
			path = "BMI Calculator";
			sourceTree = "<group>";
		};
		04992EF826306ABF00E77B4C /* Model */ = {
			isa = PBXGroup;
			children = (
				04992F202631BA4500E77B4C /* CalculatorBrain.swift */,
				04992F232631C1BF00E77B4C /* BMI.swift */,
			);
			path = Model;
			sourceTree = "<group>";
		};
		04992EF926306ACC00E77B4C /* View */ = {
			isa = PBXGroup;
			children = (
				04992EE926306AAD00E77B4C /* Main.storyboard */,
			);
			path = View;
			sourceTree = "<group>";
		};
		04992EFA26306AD800E77B4C /* Controller */ = {
			isa = PBXGroup;
			children = (
				04992EE726306AAD00E77B4C /* CalculateViewController.swift */,
				04992F1C2631B16600E77B4C /* ResultsViewController.swift */,
			);
			path = Controller;
			sourceTree = "<group>";
		};
/* End PBXGroup section */

/* Begin PBXNativeTarget section */
		04992EDF26306AAD00E77B4C /* BMI Calculator */ = {
			isa = PBXNativeTarget;
			buildConfigurationList = 04992EF426306AAE00E77B4C /* Build configuration list for PBXNativeTarget "BMI Calculator" */;
			buildPhases = (
				04992EDC26306AAD00E77B4C /* Sources */,
				04992EDD26306AAD00E77B4C /* Frameworks */,
				04992EDE26306AAD00E77B4C /* Resources */,
			);
			buildRules = (
			);
			dependencies = (
			);
			name = "BMI Calculator";
			productName = "BMI Calculator";
			productReference = 04992EE026306AAD00E77B4C /* BMI Calculator.app */;
			productType = "com.apple.product-type.application";
		};
/* End PBXNativeTarget section */

/* Begin PBXProject section */
		04992ED826306AAD00E77B4C /* Project object */ = {
			isa = PBXProject;
			attributes = {
				LastSwiftUpdateCheck = 1240;
				LastUpgradeCheck = 1240;
				TargetAttributes = {
					04992EDF26306AAD00E77B4C = {
						CreatedOnToolsVersion = 12.4;
					};
				};
			};
			buildConfigurationList = 04992EDB26306AAD00E77B4C /* Build configuration list for PBXProject "BMI Calculator" */;
			compatibilityVersion = "Xcode 9.3";
			developmentRegion = en;
			hasScannedForEncodings = 0;
			knownRegions = (
				en,
				Base,
			);
			mainGroup = 04992ED726306AAD00E77B4C;
			productRefGroup = 04992EE126306AAD00E77B4C /* Products */;
			projectDirPath = "";
			projectRoot = "";
			targets = (
				04992EDF26306AAD00E77B4C /* BMI Calculator */,
			);
		};
/* End PBXProject section */

/* Begin PBXResourcesBuildPhase section */
		04992EDE26306AAD00E77B4C /* Resources */ = {
			isa = PBXResourcesBuildPhase;
			buildActionMask = 2147483647;
			files = (
				04992EF026306AAE00E77B4C /* LaunchScreen.storyboard in Resources */,
				04992EED26306AAE00E77B4C /* Assets.xcassets in Resources */,
				04992EEB26306AAD00E77B4C /* Main.storyboard in Resources */,
			);
			runOnlyForDeploymentPostprocessing = 0;
		};
/* End PBXResourcesBuildPhase section */

/* Begin PBXSourcesBuildPhase section */
		04992EDC26306AAD00E77B4C /* Sources */ = {
			isa = PBXSourcesBuildPhase;
			buildActionMask = 2147483647;
			files = (
				04992EE826306AAD00E77B4C /* CalculateViewController.swift in Sources */,
				04992EE426306AAD00E77B4C /* AppDelegate.swift in Sources */,
				04992EE626306AAD00E77B4C /* SceneDelegate.swift in Sources */,
				04992F212631BA4500E77B4C /* CalculatorBrain.swift in Sources */,
				04992F242631C1BF00E77B4C /* BMI.swift in Sources */,
				04992F1D2631B16600E77B4C /* ResultsViewController.swift in Sources */,
			);
			runOnlyForDeploymentPostprocessing = 0;
		};
/* End PBXSourcesBuildPhase section */

/* Begin PBXVariantGroup section */
		04992EE926306AAD00E77B4C /* Main.storyboard */ = {
			isa = PBXVariantGroup;
			children = (
				04992EEA26306AAD00E77B4C /* Base */,
			);
			name = Main.storyboard;
			sourceTree = "<group>";
		};
		04992EEE26306AAE00E77B4C /* LaunchScreen.storyboard */ = {
			isa = PBXVariantGroup;
			children = (
				04992EEF26306AAE00E77B4C /* Base */,
			);
			name = LaunchScreen.storyboard;
			sourceTree = "<group>";
		};
/* End PBXVariantGroup section */

/* Begin XCBuildConfiguration section */
		04992EF226306AAE00E77B4C /* Debug */ = {
			isa = XCBuildConfiguration;
			buildSettings = {
				ALWAYS_SEARCH_USER_PATHS = NO;
				CLANG_ANALYZER_NONNULL = YES;
				CLANG_ANALYZER_NUMBER_OBJECT_CONVERSION = YES_AGGRESSIVE;
				CLANG_CXX_LANGUAGE_STANDARD = "gnu++14";
				CLANG_CXX_LIBRARY = "libc++";
				CLANG_ENABLE_MODULES = YES;
				CLANG_ENABLE_OBJC_ARC = YES;
				CLANG_ENABLE_OBJC_WEAK = YES;
				CLANG_WARN_BLOCK_CAPTURE_AUTORELEASING = YES;
				CLANG_WARN_BOOL_CONVERSION = YES;
				CLANG_WARN_COMMA = YES;
				CLANG_WARN_CONSTANT_CONVERSION = YES;
				CLANG_WARN_DEPRECATED_OBJC_IMPLEMENTATIONS = YES;
				CLANG_WARN_DIRECT_OBJC_ISA_USAGE = YES_ERROR;
				CLANG_WARN_DOCUMENTATION_COMMENTS = YES;
				CLANG_WARN_EMPTY_BODY = YES;
				CLANG_WARN_ENUM_CONVERSION = YES;
				CLANG_WARN_INFINITE_RECURSION = YES;
				CLANG_WARN_INT_CONVERSION = YES;
				CLANG_WARN_NON_LITERAL_NULL_CONVERSION = YES;
				CLANG_WARN_OBJC_IMPLICIT_RETAIN_SELF = YES;
				CLANG_WARN_OBJC_LITERAL_CONVERSION = YES;
				CLANG_WARN_OBJC_ROOT_CLASS = YES_ERROR;
				CLANG_WARN_QUOTED_INCLUDE_IN_FRAMEWORK_HEADER = YES;
				CLANG_WARN_RANGE_LOOP_ANALYSIS = YES;
				CLANG_WARN_STRICT_PROTOTYPES = YES;
				CLANG_WARN_SUSPICIOUS_MOVE = YES;
				CLANG_WARN_UNGUARDED_AVAILABILITY = YES_AGGRESSIVE;
				CLANG_WARN_UNREACHABLE_CODE = YES;
				CLANG_WARN__DUPLICATE_METHOD_MATCH = YES;
				COPY_PHASE_STRIP = NO;
				DEBUG_INFORMATION_FORMAT = dwarf;
				ENABLE_STRICT_OBJC_MSGSEND = YES;
				ENABLE_TESTABILITY = YES;
				GCC_C_LANGUAGE_STANDARD = gnu11;
				GCC_DYNAMIC_NO_PIC = NO;
				GCC_NO_COMMON_BLOCKS = YES;
				GCC_OPTIMIZATION_LEVEL = 0;
				GCC_PREPROCESSOR_DEFINITIONS = (
					"DEBUG=1",
					"$(inherited)",
				);
				GCC_WARN_64_TO_32_BIT_CONVERSION = YES;
				GCC_WARN_ABOUT_RETURN_TYPE = YES_ERROR;
				GCC_WARN_UNDECLARED_SELECTOR = YES;
				GCC_WARN_UNINITIALIZED_AUTOS = YES_AGGRESSIVE;
				GCC_WARN_UNUSED_FUNCTION = YES;
				GCC_WARN_UNUSED_VARIABLE = YES;
				IPHONEOS_DEPLOYMENT_TARGET = 14.4;
				MTL_ENABLE_DEBUG_INFO = INCLUDE_SOURCE;
				MTL_FAST_MATH = YES;
				ONLY_ACTIVE_ARCH = YES;
				SDKROOT = iphoneos;
				SWIFT_ACTIVE_COMPILATION_CONDITIONS = DEBUG;
				SWIFT_OPTIMIZATION_LEVEL = "-Onone";
			};
			name = Debug;
		};
		04992EF326306AAE00E77B4C /* Release */ = {
			isa = XCBuildConfiguration;
			buildSettings = {
				ALWAYS_SEARCH_USER_PATHS = NO;
				CLANG_ANALYZER_NONNULL = YES;
				CLANG_ANALYZER_NUMBER_OBJECT_CONVERSION = YES_AGGRESSIVE;
				CLANG_CXX_LANGUAGE_STANDARD = "gnu++14";
				CLANG_CXX_LIBRARY = "libc++";
				CLANG_ENABLE_MODULES = YES;
				CLANG_ENABLE_OBJC_ARC = YES;
				CLANG_ENABLE_OBJC_WEAK = YES;
				CLANG_WARN_BLOCK_CAPTURE_AUTORELEASING = YES;
				CLANG_WARN_BOOL_CONVERSION = YES;
				CLANG_WARN_COMMA = YES;
				CLANG_WARN_CONSTANT_CONVERSION = YES;
				CLANG_WARN_DEPRECATED_OBJC_IMPLEMENTATIONS = YES;
				CLANG_WARN_DIRECT_OBJC_ISA_USAGE = YES_ERROR;
				CLANG_WARN_DOCUMENTATION_COMMENTS = YES;
				CLANG_WARN_EMPTY_BODY = YES;
				CLANG_WARN_ENUM_CONVERSION = YES;
				CLANG_WARN_INFINITE_RECURSION = YES;
				CLANG_WARN_INT_CONVERSION = YES;
				CLANG_WARN_NON_LITERAL_NULL_CONVERSION = YES;
				CLANG_WARN_OBJC_IMPLICIT_RETAIN_SELF = YES;
				CLANG_WARN_OBJC_LITERAL_CONVERSION = YES;
				CLANG_WARN_OBJC_ROOT_CLASS = YES_ERROR;
				CLANG_WARN_QUOTED_INCLUDE_IN_FRAMEWORK_HEADER = YES;
				CLANG_WARN_RANGE_LOOP_ANALYSIS = YES;
				CLANG_WARN_STRICT_PROTOTYPES = YES;
				CLANG_WARN_SUSPICIOUS_MOVE = YES;
				CLANG_WARN_UNGUARDED_AVAILABILITY = YES_AGGRESSIVE;
				CLANG_WARN_UNREACHABLE_CODE = YES;
				CLANG_WARN__DUPLICATE_METHOD_MATCH = YES;
				COPY_PHASE_STRIP = NO;
				DEBUG_INFORMATION_FORMAT = "dwarf-with-dsym";
				ENABLE_NS_ASSERTIONS = NO;
				ENABLE_STRICT_OBJC_MSGSEND = YES;
				GCC_C_LANGUAGE_STANDARD = gnu11;
				GCC_NO_COMMON_BLOCKS = YES;
				GCC_WARN_64_TO_32_BIT_CONVERSION = YES;
				GCC_WARN_ABOUT_RETURN_TYPE = YES_ERROR;
				GCC_WARN_UNDECLARED_SELECTOR = YES;
				GCC_WARN_UNINITIALIZED_AUTOS = YES_AGGRESSIVE;
				GCC_WARN_UNUSED_FUNCTION = YES;
				GCC_WARN_UNUSED_VARIABLE = YES;
				IPHONEOS_DEPLOYMENT_TARGET = 14.4;
				MTL_ENABLE_DEBUG_INFO = NO;
				MTL_FAST_MATH = YES;
				SDKROOT = iphoneos;
				SWIFT_COMPILATION_MODE = wholemodule;
				SWIFT_OPTIMIZATION_LEVEL = "-O";
				VALIDATE_PRODUCT = YES;
			};
			name = Release;
		};
		04992EF526306AAE00E77B4C /* Debug */ = {
			isa = XCBuildConfiguration;
			buildSettings = {
				ASSETCATALOG_COMPILER_APPICON_NAME = AppIcon;
				ASSETCATALOG_COMPILER_GLOBAL_ACCENT_COLOR_NAME = AccentColor;
				CODE_SIGN_STYLE = Automatic;
				DEVELOPMENT_TEAM = J98SU5UHZZ;
				INFOPLIST_FILE = "BMI Calculator/Info.plist";
				LD_RUNPATH_SEARCH_PATHS = (
					"$(inherited)",
					"@executable_path/Frameworks",
				);
				PRODUCT_BUNDLE_IDENTIFIER = "com.nikitam.BMI-Calculator";
				PRODUCT_NAME = "$(TARGET_NAME)";
				SWIFT_VERSION = 5.0;
				TARGETED_DEVICE_FAMILY = "1,2";
			};
			name = Debug;
		};
		04992EF626306AAE00E77B4C /* Release */ = {
			isa = XCBuildConfiguration;
			buildSettings = {
				ASSETCATALOG_COMPILER_APPICON_NAME = AppIcon;
				ASSETCATALOG_COMPILER_GLOBAL_ACCENT_COLOR_NAME = AccentColor;
				CODE_SIGN_STYLE = Automatic;
				DEVELOPMENT_TEAM = J98SU5UHZZ;
				INFOPLIST_FILE = "BMI Calculator/Info.plist";
				LD_RUNPATH_SEARCH_PATHS = (
					"$(inherited)",
					"@executable_path/Frameworks",
				);
				PRODUCT_BUNDLE_IDENTIFIER = "com.nikitam.BMI-Calculator";
				PRODUCT_NAME = "$(TARGET_NAME)";
				SWIFT_VERSION = 5.0;
				TARGETED_DEVICE_FAMILY = "1,2";
			};
			name = Release;
		};
/* End XCBuildConfiguration section */

/* Begin XCConfigurationList section */
		04992EDB26306AAD00E77B4C /* Build configuration list for PBXProject "BMI Calculator" */ = {
			isa = XCConfigurationList;
			buildConfigurations = (
				04992EF226306AAE00E77B4C /* Debug */,
				04992EF326306AAE00E77B4C /* Release */,
			);
			defaultConfigurationIsVisible = 0;
			defaultConfigurationName = Release;
		};
		04992EF426306AAE00E77B4C /* Build configuration list for PBXNativeTarget "BMI Calculator" */ = {
			isa = XCConfigurationList;
			buildConfigurations = (
				04992EF526306AAE00E77B4C /* Debug */,
				04992EF626306AAE00E77B4C /* Release */,
			);
			defaultConfigurationIsVisible = 0;
			defaultConfigurationName = Release;
		};
/* End XCConfigurationList section */
	};
	rootObject = 04992ED826306AAD00E77B4C /* Project object */;
}
